// !$*UTF8*$!
{
	archiveVersion = 1;
	classes = {
	};
	objectVersion = 46;
	objects = {

/* Begin PBXBuildFile section */
		A809D0BB1C42BB8C00A47422 /* AppDelegate.swift in Sources */ = {isa = PBXBuildFile; fileRef = A809D0BA1C42BB8C00A47422 /* AppDelegate.swift */; };
		A809D0BD1C42BB8C00A47422 /* ViewController.swift in Sources */ = {isa = PBXBuildFile; fileRef = A809D0BC1C42BB8C00A47422 /* ViewController.swift */; };
		A809D0C01C42BB8C00A47422 /* Main.storyboard in Resources */ = {isa = PBXBuildFile; fileRef = A809D0BE1C42BB8C00A47422 /* Main.storyboard */; };
		A809D0C21C42BB8C00A47422 /* Assets.xcassets in Resources */ = {isa = PBXBuildFile; fileRef = A809D0C11C42BB8C00A47422 /* Assets.xcassets */; };
		A809D0C51C42BB8C00A47422 /* LaunchScreen.storyboard in Resources */ = {isa = PBXBuildFile; fileRef = A809D0C31C42BB8C00A47422 /* LaunchScreen.storyboard */; };
		A809D0D01C42BB8C00A47422 /* HappinessTests.swift in Sources */ = {isa = PBXBuildFile; fileRef = A809D0CF1C42BB8C00A47422 /* HappinessTests.swift */; };
		A809D0DB1C42BB8C00A47422 /* HappinessUITests.swift in Sources */ = {isa = PBXBuildFile; fileRef = A809D0DA1C42BB8C00A47422 /* HappinessUITests.swift */; };
		A809D0E91C42BC1200A47422 /* HapinessViewController.swift in Sources */ = {isa = PBXBuildFile; fileRef = A809D0E81C42BC1200A47422 /* HapinessViewController.swift */; };
		A809D0EB1C42BD9500A47422 /* FaceView.swift in Sources */ = {isa = PBXBuildFile; fileRef = A809D0EA1C42BD9500A47422 /* FaceView.swift */; };
/* End PBXBuildFile section */

/* Begin PBXContainerItemProxy section */
		A809D0CC1C42BB8C00A47422 /* PBXContainerItemProxy */ = {
			isa = PBXContainerItemProxy;
			containerPortal = A809D0AF1C42BB8C00A47422 /* Project object */;
			proxyType = 1;
			remoteGlobalIDString = A809D0B61C42BB8C00A47422;
			remoteInfo = Happiness;
		};
		A809D0D71C42BB8C00A47422 /* PBXContainerItemProxy */ = {
			isa = PBXContainerItemProxy;
			containerPortal = A809D0AF1C42BB8C00A47422 /* Project object */;
			proxyType = 1;
			remoteGlobalIDString = A809D0B61C42BB8C00A47422;
			remoteInfo = Happiness;
		};
/* End PBXContainerItemProxy section */

/* Begin PBXFileReference section */
		A809D0B71C42BB8C00A47422 /* Happiness.app */ = {isa = PBXFileReference; explicitFileType = wrapper.application; includeInIndex = 0; path = Happiness.app; sourceTree = BUILT_PRODUCTS_DIR; };
		A809D0BA1C42BB8C00A47422 /* AppDelegate.swift */ = {isa = PBXFileReference; lastKnownFileType = sourcecode.swift; path = AppDelegate.swift; sourceTree = "<group>"; };
		A809D0BC1C42BB8C00A47422 /* ViewController.swift */ = {isa = PBXFileReference; lastKnownFileType = sourcecode.swift; path = ViewController.swift; sourceTree = "<group>"; };
		A809D0BF1C42BB8C00A47422 /* Base */ = {isa = PBXFileReference; lastKnownFileType = file.storyboard; name = Base; path = Base.lproj/Main.storyboard; sourceTree = "<group>"; };
		A809D0C11C42BB8C00A47422 /* Assets.xcassets */ = {isa = PBXFileReference; lastKnownFileType = folder.assetcatalog; path = Assets.xcassets; sourceTree = "<group>"; };
		A809D0C41C42BB8C00A47422 /* Base */ = {isa = PBXFileReference; lastKnownFileType = file.storyboard; name = Base; path = Base.lproj/LaunchScreen.storyboard; sourceTree = "<group>"; };
		A809D0C61C42BB8C00A47422 /* Info.plist */ = {isa = PBXFileReference; lastKnownFileType = text.plist.xml; path = Info.plist; sourceTree = "<group>"; };
		A809D0CB1C42BB8C00A47422 /* HappinessTests.xctest */ = {isa = PBXFileReference; explicitFileType = wrapper.cfbundle; includeInIndex = 0; path = HappinessTests.xctest; sourceTree = BUILT_PRODUCTS_DIR; };
		A809D0CF1C42BB8C00A47422 /* HappinessTests.swift */ = {isa = PBXFileReference; lastKnownFileType = sourcecode.swift; path = HappinessTests.swift; sourceTree = "<group>"; };
		A809D0D11C42BB8C00A47422 /* Info.plist */ = {isa = PBXFileReference; lastKnownFileType = text.plist.xml; path = Info.plist; sourceTree = "<group>"; };
		A809D0D61C42BB8C00A47422 /* HappinessUITests.xctest */ = {isa = PBXFileReference; explicitFileType = wrapper.cfbundle; includeInIndex = 0; path = HappinessUITests.xctest; sourceTree = BUILT_PRODUCTS_DIR; };
		A809D0DA1C42BB8C00A47422 /* HappinessUITests.swift */ = {isa = PBXFileReference; lastKnownFileType = sourcecode.swift; path = HappinessUITests.swift; sourceTree = "<group>"; };
		A809D0DC1C42BB8C00A47422 /* Info.plist */ = {isa = PBXFileReference; lastKnownFileType = text.plist.xml; path = Info.plist; sourceTree = "<group>"; };
		A809D0E81C42BC1200A47422 /* HapinessViewController.swift */ = {isa = PBXFileReference; fileEncoding = 4; lastKnownFileType = sourcecode.swift; path = HapinessViewController.swift; sourceTree = "<group>"; };
		A809D0EA1C42BD9500A47422 /* FaceView.swift */ = {isa = PBXFileReference; fileEncoding = 4; lastKnownFileType = sourcecode.swift; path = FaceView.swift; sourceTree = "<group>"; };
/* End PBXFileReference section */

/* Begin PBXFrameworksBuildPhase section */
		A809D0B41C42BB8C00A47422 /* Frameworks */ = {
			isa = PBXFrameworksBuildPhase;
			buildActionMask = 2147483647;
			files = (
			);
			runOnlyForDeploymentPostprocessing = 0;
		};
		A809D0C81C42BB8C00A47422 /* Frameworks */ = {
			isa = PBXFrameworksBuildPhase;
			buildActionMask = 2147483647;
			files = (
			);
			runOnlyForDeploymentPostprocessing = 0;
		};
		A809D0D31C42BB8C00A47422 /* Frameworks */ = {
			isa = PBXFrameworksBuildPhase;
			buildActionMask = 2147483647;
			files = (
			);
			runOnlyForDeploymentPostprocessing = 0;
		};
/* End PBXFrameworksBuildPhase section */

/* Begin PBXGroup section */
		A809D0AE1C42BB8C00A47422 = {
			isa = PBXGroup;
			children = (
				A809D0B91C42BB8C00A47422 /* Happiness */,
				A809D0CE1C42BB8C00A47422 /* HappinessTests */,
				A809D0D91C42BB8C00A47422 /* HappinessUITests */,
				A809D0B81C42BB8C00A47422 /* Products */,
			);
			sourceTree = "<group>";
		};
		A809D0B81C42BB8C00A47422 /* Products */ = {
			isa = PBXGroup;
			children = (
				A809D0B71C42BB8C00A47422 /* Happiness.app */,
				A809D0CB1C42BB8C00A47422 /* HappinessTests.xctest */,
				A809D0D61C42BB8C00A47422 /* HappinessUITests.xctest */,
			);
			name = Products;
			sourceTree = "<group>";
		};
		A809D0B91C42BB8C00A47422 /* Happiness */ = {
			isa = PBXGroup;
			children = (
				A809D0BC1C42BB8C00A47422 /* ViewController.swift */,
				A809D0BE1C42BB8C00A47422 /* Main.storyboard */,
				A809D0EA1C42BD9500A47422 /* FaceView.swift */,
				A809D0E81C42BC1200A47422 /* HapinessViewController.swift */,
				A809D0C11C42BB8C00A47422 /* Assets.xcassets */,
				A809D0C31C42BB8C00A47422 /* LaunchScreen.storyboard */,
				A809D0BA1C42BB8C00A47422 /* AppDelegate.swift */,
				A809D0C61C42BB8C00A47422 /* Info.plist */,
			);
			path = Happiness;
			sourceTree = "<group>";
		};
		A809D0CE1C42BB8C00A47422 /* HappinessTests */ = {
			isa = PBXGroup;
			children = (
				A809D0CF1C42BB8C00A47422 /* HappinessTests.swift */,
				A809D0D11C42BB8C00A47422 /* Info.plist */,
			);
			path = HappinessTests;
			sourceTree = "<group>";
		};
		A809D0D91C42BB8C00A47422 /* HappinessUITests */ = {
			isa = PBXGroup;
			children = (
				A809D0DA1C42BB8C00A47422 /* HappinessUITests.swift */,
				A809D0DC1C42BB8C00A47422 /* Info.plist */,
			);
			path = HappinessUITests;
			sourceTree = "<group>";
		};
/* End PBXGroup section */

/* Begin PBXNativeTarget section */
		A809D0B61C42BB8C00A47422 /* Happiness */ = {
			isa = PBXNativeTarget;
			buildConfigurationList = A809D0DF1C42BB8C00A47422 /* Build configuration list for PBXNativeTarget "Happiness" */;
			buildPhases = (
				A809D0B31C42BB8C00A47422 /* Sources */,
				A809D0B41C42BB8C00A47422 /* Frameworks */,
				A809D0B51C42BB8C00A47422 /* Resources */,
			);
			buildRules = (
			);
			dependencies = (
			);
			name = Happiness;
			productName = Happiness;
			productReference = A809D0B71C42BB8C00A47422 /* Happiness.app */;
			productType = "com.apple.product-type.application";
		};
		A809D0CA1C42BB8C00A47422 /* HappinessTests */ = {
			isa = PBXNativeTarget;
			buildConfigurationList = A809D0E21C42BB8C00A47422 /* Build configuration list for PBXNativeTarget "HappinessTests" */;
			buildPhases = (
				A809D0C71C42BB8C00A47422 /* Sources */,
				A809D0C81C42BB8C00A47422 /* Frameworks */,
				A809D0C91C42BB8C00A47422 /* Resources */,
			);
			buildRules = (
			);
			dependencies = (
				A809D0CD1C42BB8C00A47422 /* PBXTargetDependency */,
			);
			name = HappinessTests;
			productName = HappinessTests;
			productReference = A809D0CB1C42BB8C00A47422 /* HappinessTests.xctest */;
			productType = "com.apple.product-type.bundle.unit-test";
		};
		A809D0D51C42BB8C00A47422 /* HappinessUITests */ = {
			isa = PBXNativeTarget;
			buildConfigurationList = A809D0E51C42BB8C00A47422 /* Build configuration list for PBXNativeTarget "HappinessUITests" */;
			buildPhases = (
				A809D0D21C42BB8C00A47422 /* Sources */,
				A809D0D31C42BB8C00A47422 /* Frameworks */,
				A809D0D41C42BB8C00A47422 /* Resources */,
			);
			buildRules = (
			);
			dependencies = (
				A809D0D81C42BB8C00A47422 /* PBXTargetDependency */,
			);
			name = HappinessUITests;
			productName = HappinessUITests;
			productReference = A809D0D61C42BB8C00A47422 /* HappinessUITests.xctest */;
			productType = "com.apple.product-type.bundle.ui-testing";
		};
/* End PBXNativeTarget section */

/* Begin PBXProject section */
		A809D0AF1C42BB8C00A47422 /* Project object */ = {
			isa = PBXProject;
			attributes = {
				LastSwiftUpdateCheck = 0720;
				LastUpgradeCheck = 0720;
				ORGANIZATIONNAME = "Chris Maury";
				TargetAttributes = {
					A809D0B61C42BB8C00A47422 = {
						CreatedOnToolsVersion = 7.2;
					};
					A809D0CA1C42BB8C00A47422 = {
						CreatedOnToolsVersion = 7.2;
						TestTargetID = A809D0B61C42BB8C00A47422;
					};
					A809D0D51C42BB8C00A47422 = {
						CreatedOnToolsVersion = 7.2;
						TestTargetID = A809D0B61C42BB8C00A47422;
					};
				};
			};
			buildConfigurationList = A809D0B21C42BB8C00A47422 /* Build configuration list for PBXProject "Happiness" */;
			compatibilityVersion = "Xcode 3.2";
			developmentRegion = English;
			hasScannedForEncodings = 0;
			knownRegions = (
				en,
				Base,
			);
			mainGroup = A809D0AE1C42BB8C00A47422;
			productRefGroup = A809D0B81C42BB8C00A47422 /* Products */;
			projectDirPath = "";
			projectRoot = "";
			targets = (
				A809D0B61C42BB8C00A47422 /* Happiness */,
				A809D0CA1C42BB8C00A47422 /* HappinessTests */,
				A809D0D51C42BB8C00A47422 /* HappinessUITests */,
			);
		};
/* End PBXProject section */

/* Begin PBXResourcesBuildPhase section */
		A809D0B51C42BB8C00A47422 /* Resources */ = {
			isa = PBXResourcesBuildPhase;
			buildActionMask = 2147483647;
			files = (
				A809D0C51C42BB8C00A47422 /* LaunchScreen.storyboard in Resources */,
				A809D0C21C42BB8C00A47422 /* Assets.xcassets in Resources */,
				A809D0C01C42BB8C00A47422 /* Main.storyboard in Resources */,
			);
			runOnlyForDeploymentPostprocessing = 0;
		};
		A809D0C91C42BB8C00A47422 /* Resources */ = {
			isa = PBXResourcesBuildPhase;
			buildActionMask = 2147483647;
			files = (
			);
			runOnlyForDeploymentPostprocessing = 0;
		};
		A809D0D41C42BB8C00A47422 /* Resources */ = {
			isa = PBXResourcesBuildPhase;
			buildActionMask = 2147483647;
			files = (
			);
			runOnlyForDeploymentPostprocessing = 0;
		};
/* End PBXResourcesBuildPhase section */

/* Begin PBXSourcesBuildPhase section */
		A809D0B31C42BB8C00A47422 /* Sources */ = {
			isa = PBXSourcesBuildPhase;
			buildActionMask = 2147483647;
			files = (
				A809D0BD1C42BB8C00A47422 /* ViewController.swift in Sources */,
				A809D0E91C42BC1200A47422 /* HapinessViewController.swift in Sources */,
				A809D0BB1C42BB8C00A47422 /* AppDelegate.swift in Sources */,
				A809D0EB1C42BD9500A47422 /* FaceView.swift in Sources */,
			);
			runOnlyForDeploymentPostprocessing = 0;
		};
		A809D0C71C42BB8C00A47422 /* Sources */ = {
			isa = PBXSourcesBuildPhase;
			buildActionMask = 2147483647;
			files = (
				A809D0D01C42BB8C00A47422 /* HappinessTests.swift in Sources */,
			);
			runOnlyForDeploymentPostprocessing = 0;
		};
		A809D0D21C42BB8C00A47422 /* Sources */ = {
			isa = PBXSourcesBuildPhase;
			buildActionMask = 2147483647;
			files = (
				A809D0DB1C42BB8C00A47422 /* HappinessUITests.swift in Sources */,
			);
			runOnlyForDeploymentPostprocessing = 0;
		};
/* End PBXSourcesBuildPhase section */

/* Begin PBXTargetDependency section */
		A809D0CD1C42BB8C00A47422 /* PBXTargetDependency */ = {
			isa = PBXTargetDependency;
			target = A809D0B61C42BB8C00A47422 /* Happiness */;
			targetProxy = A809D0CC1C42BB8C00A47422 /* PBXContainerItemProxy */;
		};
		A809D0D81C42BB8C00A47422 /* PBXTargetDependency */ = {
			isa = PBXTargetDependency;
			target = A809D0B61C42BB8C00A47422 /* Happiness */;
			targetProxy = A809D0D71C42BB8C00A47422 /* PBXContainerItemProxy */;
		};
/* End PBXTargetDependency section */

/* Begin PBXVariantGroup section */
		A809D0BE1C42BB8C00A47422 /* Main.storyboard */ = {
			isa = PBXVariantGroup;
			children = (
				A809D0BF1C42BB8C00A47422 /* Base */,
			);
			name = Main.storyboard;
			sourceTree = "<group>";
		};
		A809D0C31C42BB8C00A47422 /* LaunchScreen.storyboard */ = {
			isa = PBXVariantGroup;
			children = (
				A809D0C41C42BB8C00A47422 /* Base */,
			);
			name = LaunchScreen.storyboard;
			sourceTree = "<group>";
		};
/* End PBXVariantGroup section */

/* Begin XCBuildConfiguration section */
		A809D0DD1C42BB8C00A47422 /* Debug */ = {
			isa = XCBuildConfiguration;
			buildSettings = {
				ALWAYS_SEARCH_USER_PATHS = NO;
				CLANG_CXX_LANGUAGE_STANDARD = "gnu++0x";
				CLANG_CXX_LIBRARY = "libc++";
				CLANG_ENABLE_MODULES = YES;
				CLANG_ENABLE_OBJC_ARC = YES;
				CLANG_WARN_BOOL_CONVERSION = YES;
				CLANG_WARN_CONSTANT_CONVERSION = YES;
				CLANG_WARN_DIRECT_OBJC_ISA_USAGE = YES_ERROR;
				CLANG_WARN_EMPTY_BODY = YES;
				CLANG_WARN_ENUM_CONVERSION = YES;
				CLANG_WARN_INT_CONVERSION = YES;
				CLANG_WARN_OBJC_ROOT_CLASS = YES_ERROR;
				CLANG_WARN_UNREACHABLE_CODE = YES;
				CLANG_WARN__DUPLICATE_METHOD_MATCH = YES;
				"CODE_SIGN_IDENTITY[sdk=iphoneos*]" = "iPhone Developer";
				COPY_PHASE_STRIP = NO;
				DEBUG_INFORMATION_FORMAT = dwarf;
				ENABLE_STRICT_OBJC_MSGSEND = YES;
				ENABLE_TESTABILITY = YES;
				GCC_C_LANGUAGE_STANDARD = gnu99;
				GCC_DYNAMIC_NO_PIC = NO;
				GCC_NO_COMMON_BLOCKS = YES;
				GCC_OPTIMIZATION_LEVEL = 0;
				GCC_PREPROCESSOR_DEFINITIONS = (
					"DEBUG=1",
					"$(inherited)",
				);
				GCC_WARN_64_TO_32_BIT_CONVERSION = YES;
				GCC_WARN_ABOUT_RETURN_TYPE = YES_ERROR;
				GCC_WARN_UNDECLARED_SELECTOR = YES;
				GCC_WARN_UNINITIALIZED_AUTOS = YES_AGGRESSIVE;
				GCC_WARN_UNUSED_FUNCTION = YES;
				GCC_WARN_UNUSED_VARIABLE = YES;
				IPHONEOS_DEPLOYMENT_TARGET = 9.2;
				MTL_ENABLE_DEBUG_INFO = YES;
				ONLY_ACTIVE_ARCH = YES;
				SDKROOT = iphoneos;
				SWIFT_OPTIMIZATION_LEVEL = "-Onone";
				TARGETED_DEVICE_FAMILY = "1,2";
			};
			name = Debug;
		};
		A809D0DE1C42BB8C00A47422 /* Release */ = {
			isa = XCBuildConfiguration;
			buildSettings = {
				ALWAYS_SEARCH_USER_PATHS = NO;
				CLANG_CXX_LANGUAGE_STANDARD = "gnu++0x";
				CLANG_CXX_LIBRARY = "libc++";
				CLANG_ENABLE_MODULES = YES;
				CLANG_ENABLE_OBJC_ARC = YES;
				CLANG_WARN_BOOL_CONVERSION = YES;
				CLANG_WARN_CONSTANT_CONVERSION = YES;
				CLANG_WARN_DIRECT_OBJC_ISA_USAGE = YES_ERROR;
				CLANG_WARN_EMPTY_BODY = YES;
				CLANG_WARN_ENUM_CONVERSION = YES;
				CLANG_WARN_INT_CONVERSION = YES;
				CLANG_WARN_OBJC_ROOT_CLASS = YES_ERROR;
				CLANG_WARN_UNREACHABLE_CODE = YES;
				CLANG_WARN__DUPLICATE_METHOD_MATCH = YES;
				"CODE_SIGN_IDENTITY[sdk=iphoneos*]" = "iPhone Developer";
				COPY_PHASE_STRIP = NO;
				DEBUG_INFORMATION_FORMAT = "dwarf-with-dsym";
				ENABLE_NS_ASSERTIONS = NO;
				ENABLE_STRICT_OBJC_MSGSEND = YES;
				GCC_C_LANGUAGE_STANDARD = gnu99;
				GCC_NO_COMMON_BLOCKS = YES;
				GCC_WARN_64_TO_32_BIT_CONVERSION = YES;
				GCC_WARN_ABOUT_RETURN_TYPE = YES_ERROR;
				GCC_WARN_UNDECLARED_SELECTOR = YES;
				GCC_WARN_UNINITIALIZED_AUTOS = YES_AGGRESSIVE;
				GCC_WARN_UNUSED_FUNCTION = YES;
				GCC_WARN_UNUSED_VARIABLE = YES;
				IPHONEOS_DEPLOYMENT_TARGET = 9.2;
				MTL_ENABLE_DEBUG_INFO = NO;
				SDKROOT = iphoneos;
				TARGETED_DEVICE_FAMILY = "1,2";
				VALIDATE_PRODUCT = YES;
			};
			name = Release;
		};
		A809D0E01C42BB8C00A47422 /* Debug */ = {
			isa = XCBuildConfiguration;
			buildSettings = {
				ASSETCATALOG_COMPILER_APPICON_NAME = AppIcon;
				INFOPLIST_FILE = Happiness/Info.plist;
				LD_RUNPATH_SEARCH_PATHS = "$(inherited) @executable_path/Frameworks";
				PRODUCT_BUNDLE_IDENTIFIER = com.ConversantLabs.Chriss.Happiness;
				PRODUCT_NAME = "$(TARGET_NAME)";
			};
			name = Debug;
		};
		A809D0E11C42BB8C00A47422 /* Release */ = {
			isa = XCBuildConfiguration;
			buildSettings = {
				ASSETCATALOG_COMPILER_APPICON_NAME = AppIcon;
				INFOPLIST_FILE = Happiness/Info.plist;
				LD_RUNPATH_SEARCH_PATHS = "$(inherited) @executable_path/Frameworks";
				PRODUCT_BUNDLE_IDENTIFIER = com.ConversantLabs.Chriss.Happiness;
				PRODUCT_NAME = "$(TARGET_NAME)";
			};
			name = Release;
		};
		A809D0E31C42BB8C00A47422 /* Debug */ = {
			isa = XCBuildConfiguration;
			buildSettings = {
				BUNDLE_LOADER = "$(TEST_HOST)";
				INFOPLIST_FILE = HappinessTests/Info.plist;
				LD_RUNPATH_SEARCH_PATHS = "$(inherited) @executable_path/Frameworks @loader_path/Frameworks";
				PRODUCT_BUNDLE_IDENTIFIER = com.ConversantLabs.Chriss.HappinessTests;
				PRODUCT_NAME = "$(TARGET_NAME)";
				TEST_HOST = "$(BUILT_PRODUCTS_DIR)/Happiness.app/Happiness";
			};
			name = Debug;
		};
		A809D0E41C42BB8C00A47422 /* Release */ = {
			isa = XCBuildConfiguration;
			buildSettings = {
				BUNDLE_LOADER = "$(TEST_HOST)";
				INFOPLIST_FILE = HappinessTests/Info.plist;
				LD_RUNPATH_SEARCH_PATHS = "$(inherited) @executable_path/Frameworks @loader_path/Frameworks";
				PRODUCT_BUNDLE_IDENTIFIER = com.ConversantLabs.Chriss.HappinessTests;
				PRODUCT_NAME = "$(TARGET_NAME)";
				TEST_HOST = "$(BUILT_PRODUCTS_DIR)/Happiness.app/Happiness";
			};
			name = Release;
		};
		A809D0E61C42BB8C00A47422 /* Debug */ = {
			isa = XCBuildConfiguration;
			buildSettings = {
				INFOPLIST_FILE = HappinessUITests/Info.plist;
				LD_RUNPATH_SEARCH_PATHS = "$(inherited) @executable_path/Frameworks @loader_path/Frameworks";
				PRODUCT_BUNDLE_IDENTIFIER = com.ConversantLabs.Chriss.HappinessUITests;
				PRODUCT_NAME = "$(TARGET_NAME)";
				TEST_TARGET_NAME = Happiness;
				USES_XCTRUNNER = YES;
			};
			name = Debug;
		};
		A809D0E71C42BB8C00A47422 /* Release */ = {
			isa = XCBuildConfiguration;
			buildSettings = {
				INFOPLIST_FILE = HappinessUITests/Info.plist;
				LD_RUNPATH_SEARCH_PATHS = "$(inherited) @executable_path/Frameworks @loader_path/Frameworks";
				PRODUCT_BUNDLE_IDENTIFIER = com.ConversantLabs.Chriss.HappinessUITests;
				PRODUCT_NAME = "$(TARGET_NAME)";
				TEST_TARGET_NAME = Happiness;
				USES_XCTRUNNER = YES;
			};
			name = Release;
		};
/* End XCBuildConfiguration section */

/* Begin XCConfigurationList section */
		A809D0B21C42BB8C00A47422 /* Build configuration list for PBXProject "Happiness" */ = {
			isa = XCConfigurationList;
			buildConfigurations = (
				A809D0DD1C42BB8C00A47422 /* Debug */,
				A809D0DE1C42BB8C00A47422 /* Release */,
			);
			defaultConfigurationIsVisible = 0;
			defaultConfigurationName = Release;
		};
		A809D0DF1C42BB8C00A47422 /* Build configuration list for PBXNativeTarget "Happiness" */ = {
			isa = XCConfigurationList;
			buildConfigurations = (
				A809D0E01C42BB8C00A47422 /* Debug */,
				A809D0E11C42BB8C00A47422 /* Release */,
			);
			defaultConfigurationIsVisible = 0;
		};
		A809D0E21C42BB8C00A47422 /* Build configuration list for PBXNativeTarget "HappinessTests" */ = {
			isa = XCConfigurationList;
			buildConfigurations = (
				A809D0E31C42BB8C00A47422 /* Debug */,
				A809D0E41C42BB8C00A47422 /* Release */,
			);
			defaultConfigurationIsVisible = 0;
		};
		A809D0E51C42BB8C00A47422 /* Build configuration list for PBXNativeTarget "HappinessUITests" */ = {
			isa = XCConfigurationList;
			buildConfigurations = (
				A809D0E61C42BB8C00A47422 /* Debug */,
				A809D0E71C42BB8C00A47422 /* Release */,
			);
			defaultConfigurationIsVisible = 0;
		};
/* End XCConfigurationList section */
	};
	rootObject = A809D0AF1C42BB8C00A47422 /* Project object */;
}
